# This file is autogenerated, do not edit; changes may be undone by the next 'dep ensure'.


[[projects]]
  digest = "1:25f13a6884515d885064ddc3019c0b46f7285e9b715ef6ddb7e64ac8fdf621a4"
  name = "github.com/Jeffail/gabs"
  packages = ["."]
  pruneopts = ""
  revision = "636cf72d5e3c0ebad157af7c694469e7d89cec0f"
  version = "v1.4.0"

[[projects]]
  digest = "1:ee35b514b6826a6e65bc24795873020d86570e5252c30c7e136581d0fa4ebdb0"
  name = "github.com/NYTimes/gziphandler"
  packages = ["."]
  pruneopts = ""
  revision = "dd0439581c7657cb652dfe5c71d7d48baf39541d"
  version = "v1.1.1"

[[projects]]
  digest = "1:8855efc2aff3afd6319da41b22a8ca1cfd1698af05a24852c01636ba65b133f0"
  name = "github.com/SermoDigital/jose"
  packages = [
    ".",
    "crypto",
    "jws",
    "jwt",
  ]
  pruneopts = ""
  revision = "f6df55f235c24f236d11dbcf665249a59ac2021f"
  version = "1.1"

[[projects]]
  branch = "master"
  digest = "1:a6a3ce6ff165f9a640e57773c90eb594d68974edc877500649707daddae7fd39"
  name = "github.com/armon/go-metrics"
  packages = ["."]
  pruneopts = ""
  revision = "ec5e00d3c878b2a97bbe0884ef45ffd1b4f669f5"

[[projects]]
  digest = "1:5680f8c40e48f07cb77aece3165a866aaf8276305258b3b70db8ec7ad6ddb78d"
  name = "github.com/armon/go-radix"
  packages = ["."]
  pruneopts = ""
  revision = "1a2de0c21c94309923825da3df33a4381872c795"
  version = "v1.0.0"

[[projects]]
  digest = "1:d8a2bb36a048d1571bcc1aee208b61f39dc16c6c53823feffd37449dde162507"
  name = "github.com/asaskevich/govalidator"
  packages = ["."]
  pruneopts = ""
  revision = "ccb8e960c48f04d6935e72476ae4a51028f9e22f"
  version = "v9"

[[projects]]
  digest = "1:e4b30804a381d7603b8a344009987c1ba351c26043501b23b8c7ce21f0b67474"
  name = "github.com/burntsushi/toml"
  packages = ["."]
  pruneopts = ""
  revision = "3012a1dbe2e4bd1391d42b32f0577cb7bbc7f005"
  version = "v0.3.1"

[[projects]]
  digest = "1:0deddd908b6b4b768cfc272c16ee61e7088a60f7fe2f06c547bd3d8e1f8b8e77"
  name = "github.com/davecgh/go-spew"
  packages = ["spew"]
  pruneopts = ""
  revision = "8991bc29aa16c548c550c7ff78260e27b9ab7c73"
  version = "v1.1.1"

[[projects]]
  digest = "1:044b2f1eea2f5cfb0d3678baf60892734f59d5c2ea3932cb6ed894a97ccba15c"
  name = "github.com/elazarl/go-bindata-assetfs"
  packages = ["."]
  pruneopts = ""
  revision = "30f82fa23fd844bd5bb1e5f216db87fd77b5eb43"
  version = "v1.0.0"

[[projects]]
  digest = "1:2defd14040b1ca18840524e9d0f9cfab0ea8d2f2d396b343d221f8bc8e21ab9d"
  name = "github.com/fatih/structs"
  packages = ["."]
  pruneopts = ""
  revision = "4966fc68f5b7593aafa6cbbba2d65ec6e1416047"
  version = "v1.1.0"

[[projects]]
  digest = "1:e692d16fdfbddb94e9e4886aaf6c08bdbae5cb4ac80651445de9181b371c6e46"
  name = "github.com/go-sql-driver/mysql"
  packages = ["."]
  pruneopts = ""
  revision = "72cd26f257d44c1114970e19afddcd812016007e"
  version = "v1.4.1"

[[projects]]
  digest = "1:529d738b7976c3848cae5cf3a8036440166835e389c1f617af701eeb12a0518d"
  name = "github.com/golang/protobuf"
  packages = [
    "proto",
    "ptypes",
    "ptypes/any",
    "ptypes/duration",
    "ptypes/timestamp",
  ]
  pruneopts = ""
  revision = "b5d812f8a3706043e23a9cd5babf2e5423744d30"
  version = "v1.3.1"

[[projects]]
  digest = "1:6a6322a15aa8e99bd156fbba0aae4e5d67b4bb05251d860b348a45dfdcba9cce"
  name = "github.com/golang/snappy"
  packages = ["."]
  pruneopts = ""
  revision = "2a8bb927dd31d8daada140a5d09578521ce5c36a"
  version = "v0.0.1"

[[projects]]
  digest = "1:6df334346fe2c19198af42221854064d5c473e399003d90939bed94eba9d7e96"
  name = "github.com/hashicorp/consul"
  packages = [
    "api",
    "lib/freeport",
    "testutil",
    "testutil/retry",
  ]
  pruneopts = ""
  revision = "501c22b5563935713596034d47a1cbdef1ec1904"
  version = "v1.4.5"

[[projects]]
  digest = "1:8e3bd93036b4a925fe2250d3e4f38f21cadb8ef623561cd80c3c50c114b13201"
  name = "github.com/hashicorp/errwrap"
  packages = ["."]
  pruneopts = ""
  revision = "8a6fb523712970c966eefc6b39ed2c5e74880354"
  version = "v1.0.0"

[[projects]]
  digest = "1:984b627a3c838daa9f4c949ec8e6f049a7021b1156eb4db0337c3a5afe07aada"
  name = "github.com/hashicorp/go-cleanhttp"
  packages = ["."]
  pruneopts = ""
  revision = "eda1e5db218aad1db63ca4642c8906b26bcf2744"
  version = "v0.5.1"

[[projects]]
  branch = "master"
  digest = "1:4f2cd033c8f902e010a192f1bb7ba5887d3c13f22c33735382cbb08d3179799e"
  name = "github.com/hashicorp/go-gatedio"
  packages = ["."]
  pruneopts = ""
  revision = "7d66e0012c0c47d5ee698d99703384d405ee594e"

[[projects]]
  digest = "1:0b41d818c95c27c2618eef67569afb6356c3e55d7e8459fdf21ed015884f83ef"
  name = "github.com/hashicorp/go-hclog"
  packages = ["."]
  pruneopts = ""
  revision = "4783caec6f2e5cdd47fab8b2bb47ce2ce5c546b7"

[[projects]]
  digest = "1:1b913b0e775a9c55defad5b4549f08d848db0eb999e2f633f89730a852c0af76"
  name = "github.com/hashicorp/go-immutable-radix"
  packages = ["."]
  pruneopts = ""
  revision = "7dd1121b595e4e1bd6dd5caa78e0f5c454740379"
  version = "v1.1.0"

[[projects]]
  digest = "1:2609b600f5ab42254d4c5ce358076a0755b7a5e207bd4eded0d0eaca867c0e17"
  name = "github.com/hashicorp/go-memdb"
  packages = ["."]
  pruneopts = ""
  revision = "dd4dbb7cbc982b021ac8d7db55d9553dee3eeeda"
  version = "v1.0.3"

[[projects]]
  branch = "master"
  digest = "1:72308fdd6d5ef61106a95be7ca72349a5565809042b6426a3cfb61d99483b824"
  name = "github.com/hashicorp/go-multierror"
  packages = ["."]
  pruneopts = ""
  revision = "886a7fbe3eb1c874d46f623bfa70af45f425b3d1"

[[projects]]
  digest = "1:7bdd97972ad6d430c533df7c06166706591a6842f5491a1bac5820aac53eb4b1"
  name = "github.com/hashicorp/go-plugin"
  packages = [
    ".",
    "internal/plugin",
  ]
  pruneopts = ""
  revision = "52e1c4730856c1438ced7597c9b5c585a7bd06a2"
  version = "v1.0.0"

[[projects]]
  digest = "1:ec05166e7122b65982656b8777c8f6ad346e9ef224f854f4123d62b11183e725"
  name = "github.com/hashicorp/go-retryablehttp"
  packages = ["."]
  pruneopts = ""
  revision = "357460732517ec3b57c05c51443296bdd6df1874"
  version = "v0.5.3"

[[projects]]
  branch = "master"
  digest = "1:c25fc9af3d03f56e1d8827e6d823dcc3318be2902d8182601cf7538834bb346f"
  name = "github.com/hashicorp/go-rootcerts"
  packages = ["."]
  pruneopts = ""
  revision = "63503fb4e1eca22f9ae0f90b49c5d5538a0e87eb"

[[projects]]
  digest = "1:24ee99da0190535baad44a5df2710ca2e116d615fcaaffcf3b79b476450af917"
  name = "github.com/hashicorp/go-sockaddr"
  packages = ["."]
  pruneopts = ""
  revision = "c7188e74f6acae5a989bdc959aa779f8b9f42faf"
  version = "v1.0.2"

[[projects]]
  branch = "master"
  digest = "1:0a48cb9c2757781932550a45ad11dd497722d4018a28077de65674aec7eee90e"
  name = "github.com/hashicorp/go-syslog"
  packages = ["."]
  pruneopts = ""
  revision = "8d1874e3e8d1862b74e0536851e218c4571066a5"

[[projects]]
  digest = "1:0038a7f43b51c8b2a8cd03b5372e73f8eadfe156484c2ae8185ae836f8ebc2cd"
  name = "github.com/hashicorp/go-uuid"
  packages = ["."]
  pruneopts = ""
  revision = "4f571afc59f3043a65f8fe6bf46d887b10a01d43"
  version = "v1.0.1"

[[projects]]
  digest = "1:2f0c811248aeb64978037b357178b1593372439146bda860cb16f2c80785ea93"
  name = "github.com/hashicorp/go-version"
  packages = ["."]
  pruneopts = ""
  revision = "ac23dc3fea5d1a983c43f6a0f6e2c13f0195d8bd"
  version = "v1.2.0"

[[projects]]
  digest = "1:85f8f8d390a03287a563e215ea6bd0610c858042731a8b42062435a0dcbc485f"
  name = "github.com/hashicorp/golang-lru"
  packages = [
    ".",
    "simplelru",
  ]
  pruneopts = ""
  revision = "7087cb70de9f7a8bc0a10c375cb0d2280a8edf9c"
  version = "v0.5.1"

[[projects]]
  digest = "1:d14365c51dd1d34d5c79833ec91413bfbb166be978724f15701e17080dc06dec"
  name = "github.com/hashicorp/hcl"
  packages = [
    ".",
    "hcl/ast",
    "hcl/parser",
    "hcl/scanner",
    "hcl/strconv",
    "hcl/token",
    "json/parser",
    "json/scanner",
    "json/token",
  ]
  pruneopts = ""
  revision = "8cb6e5b959231cc1119e43259c4a608f9c51a241"
  version = "v1.0.0"

[[projects]]
  branch = "master"
  digest = "1:51430c345f48c781f7f43146b574ec498c62c608bfff3715fef4c915d96ed4fc"
  name = "github.com/hashicorp/logutils"
  packages = ["."]
  pruneopts = ""
  revision = "a335183dfd075f638afcc820c90591ca3c97eba6"

[[projects]]
  digest = "1:4d298692efc058ff814677015c8db92b1ac63baffa8e238382babd77e1c5fcd4"
  name = "github.com/hashicorp/serf"
  packages = ["coordinate"]
  pruneopts = ""
  revision = "15cfd05de3dffb3664aa37b06e91f970b825e380"
  version = "v0.8.3"

[[projects]]
  digest = "1:f45b7e07f44ceda7d619a2b1307e19468321f6d06897d63e3fdafd20261c0f77"
  name = "github.com/hashicorp/vault"
  packages = [
    "api",
    "audit",
    "builtin/logical/database/dbplugin",
    "builtin/logical/pki",
    "builtin/logical/transit",
    "builtin/plugin",
    "helper/base62",
    "helper/certutil",
    "helper/compressutil",
    "helper/consts",
    "helper/cryptoutil",
    "helper/dbtxn",
    "helper/errutil",
    "helper/forwarding",
    "helper/hclutil",
    "helper/identity",
    "helper/identity/mfa",
    "helper/jsonutil",
    "helper/kdf",
    "helper/keysutil",
    "helper/license",
    "helper/locksutil",
    "helper/logging",
    "helper/mlock",
    "helper/namespace",
    "helper/parseutil",
    "helper/pathmanager",
    "helper/pgpkeys",
    "helper/pluginutil",
    "helper/policyutil",
    "helper/reload",
    "helper/salt",
    "helper/storagepacker",
    "helper/strutil",
    "helper/tlsutil",
    "helper/wrapping",
    "helper/xor",
    "http",
    "logical",
    "logical/framework",
    "logical/plugin",
    "logical/plugin/pb",
    "physical",
    "physical/inmem",
    "plugins",
    "plugins/database/mysql",
    "plugins/database/postgresql",
    "plugins/helper/database/connutil",
    "plugins/helper/database/credsutil",
    "plugins/helper/database/dbutil",
    "shamir",
    "vault",
    "vault/seal",
    "version",
  ]
  pruneopts = ""
  revision = "85909e3373aa743c34a6a0ab59131f61fd9e8e43"
  version = "v1.0.3"

[[projects]]
  branch = "master"
  digest = "1:f9a62feb8295380942889460d0008f9fc34c4ad288821efb2ec15168a91b3404"
  name = "github.com/hashicorp/yamux"
  packages = ["."]
  pruneopts = ""
  revision = "2f1d1f20f75d5404f53b9edf6b53ed5505508675"

[[projects]]
  digest = "1:a3049110224f0e001ea336aa5cd06b29cdbf1981e6cf20ac751fe482706cd2dd"
  name = "github.com/jefferai/jsonx"
  packages = ["."]
  pruneopts = ""
  revision = "c32bd0db71409fa22d42d76452191f1516e3c067"
  version = "v1.0.0"

[[projects]]
  branch = "master"
  digest = "1:e7289852aa317926b63be68cba5a48ee0a821a245e38f03a4124ea738f410555"
  name = "github.com/keybase/go-crypto"
  packages = [
    "brainpool",
    "cast5",
    "curve25519",
    "ed25519",
    "ed25519/internal/edwards25519",
    "openpgp",
    "openpgp/armor",
    "openpgp/ecdh",
    "openpgp/elgamal",
    "openpgp/errors",
    "openpgp/packet",
    "openpgp/s2k",
    "rsa",
  ]
  pruneopts = ""
  revision = "b785b22cc75714432d7ebf0b554dfafaff608671"

[[projects]]
  digest = "1:a65d93f562c7d66d8db6f0c5df8ade208e0f42d9a9626924896697351ca161b3"
  name = "github.com/lib/pq"
  packages = [
    ".",
    "oid",
    "scram",
  ]
  pruneopts = ""
  revision = "bc6a3c0594130b1e34005880bc600b6d3f49fa7f"
  version = "v1.1.1"

[[projects]]
  digest = "1:0093a7c66d5b9e0cdaf4be5c20e0a9b889d1d839148eeed1d587e99b4cfd90ff"
  name = "github.com/mattn/go-shellwords"
  packages = ["."]
  pruneopts = ""
  revision = "a72fbe27a1b0ed0df2f02754945044ce1456608b"
  version = "v1.0.5"

[[projects]]
  digest = "1:ddc46aaac89d6465fd0b5fd13ab1931d0ff5c2863937e9fccdbc14c991b50c06"
  name = "github.com/mitchellh/copystructure"
  packages = ["."]
  pruneopts = ""
  revision = "9a1b6f44e8da0e0e374624fb0a825a231b00c537"
  version = "v1.0.0"

[[projects]]
  branch = "master"
  digest = "1:6dbb0eb72090871f2e58d1e37973fe3cb8c0f45f49459398d3fc740cb30e13bd"
  name = "github.com/mitchellh/go-homedir"
  packages = ["."]
  pruneopts = ""
  revision = "af06845cf3004701891bf4fdb884bfe4920b3727"

[[projects]]
  digest = "1:9adf43f9a17af07a6d587e3b493e2111ad8e07283d5cd58e44e70d23bf6dc644"
  name = "github.com/mitchellh/go-testing-interface"
  packages = ["."]
  pruneopts = ""
  revision = "6d0b8010fcc857872e42fc6c931227569016843c"
  version = "v1.0.0"

[[projects]]
  digest = "1:387d79bfe8a4f0f300a22d65782108a94861eecfe652ffff30e8f91857ad81bb"
  name = "github.com/mitchellh/hashstructure"
  packages = ["."]
  pruneopts = ""
  revision = "a38c50148365edc8df43c1580c48fb2b3a1e9cd7"
  version = "v1.0.0"

[[projects]]
  branch = "master"
  digest = "1:bcc46a0fbd9e933087bef394871256b5c60269575bb661935874729c65bbbf60"
  name = "github.com/mitchellh/mapstructure"
  packages = ["."]
  pruneopts = ""
  revision = "3536a929edddb9a5b34bd6861dc4a9647cb459fe"

[[projects]]
  digest = "1:d732b4a6d4981b65382155a192c0a773334035ad680566813f85dd5b99a12e26"
  name = "github.com/mitchellh/reflectwalk"
  packages = ["."]
  pruneopts = ""
  revision = "3e2c75dfad4fbf904b58782a80fd595c760ad185"
  version = "v1.0.1"

[[projects]]
  digest = "1:94e9081cc450d2cdf4e6886fc2c06c07272f86477df2d74ee5931951fa3d2577"
  name = "github.com/oklog/run"
  packages = ["."]
  pruneopts = ""
  revision = "4dadeb3030eda0273a12382bb2348ffc7c9d1a39"
  version = "v1.0.0"

[[projects]]
  digest = "1:4c0404dc03d974acd5fcd8b8d3ce687b13bd169db032b89275e8b9d77b98ce8c"
  name = "github.com/patrickmn/go-cache"
  packages = ["."]
  pruneopts = ""
  revision = "a3647f8e31d79543b2d0f0ae2fe5c379d72cedc0"
  version = "v2.1.0"

[[projects]]
  digest = "1:02e6dc9c030387868a684f7754fd88c98ae9fc04c27f04aedceae998f00b9bbf"
  name = "github.com/pierrec/lz4"
  packages = [
    ".",
    "internal/xxh32",
  ]
  pruneopts = ""
  revision = "d705d4371bfccdf47f10e45584e896026c83616f"
  version = "v2.2.3"

[[projects]]
  digest = "1:1d7e1867c49a6dd9856598ef7c3123604ea3daabf5b83f303ff457bcbc410b1d"
  name = "github.com/pkg/errors"
  packages = ["."]
  pruneopts = ""
  revision = "ba968bfe8b2f7e042a574c888954fccecfa385b4"
  version = "v0.8.1"

[[projects]]
  digest = "1:256484dbbcd271f9ecebc6795b2df8cad4c458dd0f5fd82a8c2fa0c29f233411"
  name = "github.com/pmezard/go-difflib"
  packages = ["difflib"]
  pruneopts = ""
  revision = "792786c7400a136282c1664665ae0a8db921c6c2"
  version = "v1.0.0"

[[projects]]
  digest = "1:4244255905cb95c3c98894d671367f84a6292608ae528936fe46ba9c86f68393"
  name = "github.com/ryanuber/go-glob"
  packages = ["."]
  pruneopts = ""
  revision = "51a8f68e6c24dc43f1e371749c89a267de4ebc53"
  version = "v1.0.0"

[[projects]]
  digest = "1:381bcbeb112a51493d9d998bbba207a529c73dbb49b3fd789e48c63fac1f192c"
  name = "github.com/stretchr/testify"
  packages = ["assert"]
  pruneopts = ""
  revision = "ffdc059bfe9ce6a4e144ba849dbedead332c6053"
  version = "v1.3.0"

[[projects]]
  branch = "master"
  digest = "1:5b3e9450868bcf9ecbca2b01ac04f142255b5744d89ec97e1ceedf57d4522645"
  name = "golang.org/x/crypto"
  packages = [
    "blake2b",
    "chacha20poly1305",
    "cryptobyte",
    "cryptobyte/asn1",
    "curve25519",
    "ed25519",
    "ed25519/internal/edwards25519",
    "hkdf",
    "internal/chacha20",
    "internal/subtle",
    "poly1305",
    "ssh",
  ]
  pruneopts = ""
  revision = "22d7a77e9e5f409e934ed268692e56707cd169e5"

[[projects]]
  branch = "master"
  digest = "1:3fcc745bd071aa073bd666e01ff8df5fc72ab15f493ae7246710c66c738aab45"
  name = "golang.org/x/net"
  packages = [
    "context",
    "http/httpguts",
    "http2",
    "http2/hpack",
    "idna",
    "internal/timeseries",
    "trace",
  ]
  pruneopts = ""
  revision = "f3200d17e092c607f615320ecaad13d87ad9a2b3"

[[projects]]
  branch = "master"
  digest = "1:c51069376876a26ef986455d1b31ae84c774817a0afd32c0160f20913a97c8bb"
  name = "golang.org/x/sys"
  packages = [
    "cpu",
    "unix",
  ]
  pruneopts = ""
  revision = "dbbf3f1254d491605cf4a0034ce25d0dc71b0c58"

[[projects]]
  digest = "1:740b51a55815493a8d0f2b1e0d0ae48fe48953bf7eaf3fcc4198823bf67768c0"
  name = "golang.org/x/text"
  packages = [
    "collate",
    "collate/build",
    "internal/colltab",
    "internal/gen",
    "internal/language",
    "internal/language/compact",
    "internal/tag",
    "internal/triegen",
    "internal/ucd",
    "language",
    "secure/bidirule",
    "transform",
    "unicode/bidi",
    "unicode/cldr",
    "unicode/norm",
    "unicode/rangetable",
  ]
  pruneopts = ""
  revision = "342b2e1fbaa52c93f31447ad2c6abc048c63e475"
  version = "v0.3.2"

[[projects]]
  branch = "master"
  digest = "1:9522af4be529c108010f95b05f1022cb872f2b9ff8b101080f554245673466e1"
  name = "golang.org/x/time"
  packages = ["rate"]
  pruneopts = ""
  revision = "9d24e82272b4f38b78bc8cff74fa936d31ccd8ef"

[[projects]]
  digest = "1:01b9b21ce3c29e95c6226188ab77233e59f4e397262a078cd6f248405b86dda7"
  name = "google.golang.org/appengine"
  packages = ["cloudsql"]
  pruneopts = ""
  revision = "4c25cacc810c02874000e4f7071286a8e96b2515"
  version = "v1.6.0"

[[projects]]
  branch = "master"
  digest = "1:e07c01c79a9a7aa21369982f91e8e128f7155e6c26f062ab33ad5cde2176a90c"
  name = "google.golang.org/genproto"
  packages = ["googleapis/rpc/status"]
  pruneopts = ""
  revision = "c2c4e71fbf6989c3e46a18d65cb88c288f8a3a55"

[[projects]]
  digest = "1:6598c722afbc10dcbcace4e6504751b3a3b11f66d9251545fce457a66316c9a7"
  name = "google.golang.org/grpc"
  packages = [
    ".",
    "balancer",
    "balancer/base",
    "balancer/roundrobin",
    "binarylog/grpc_binarylog_v1",
    "codes",
    "connectivity",
    "credentials",
    "credentials/internal",
    "encoding",
    "encoding/proto",
    "grpclog",
    "health",
    "health/grpc_health_v1",
    "internal",
    "internal/backoff",
    "internal/balancerload",
    "internal/binarylog",
    "internal/channelz",
    "internal/envconfig",
    "internal/grpcrand",
    "internal/grpcsync",
    "internal/syscall",
    "internal/transport",
    "keepalive",
    "metadata",
    "naming",
    "peer",
    "resolver",
    "resolver/dns",
    "resolver/passthrough",
    "stats",
    "status",
    "tap",
  ]
  pruneopts = ""
  revision = "869adfc8d5a43efc0d05780ad109106f457f51e4"
  version = "v1.21.0"

[[projects]]
  branch = "v2"
  digest = "1:60ccede33d50c82c86e907255319a6f40dca4ac395e5ee143638176d3b871069"
  name = "gopkg.in/yaml.v2"
  packages = ["."]
  pruneopts = ""
  revision = "7b8349ac747c6a24702b762d2c4fd9266cf4f1d6"

[solve-meta]
  analyzer-name = "dep"
  analyzer-version = 1
  input-imports = [
    "github.com/burntsushi/toml",
    "github.com/hashicorp/consul/api",
    "github.com/hashicorp/consul/testutil",
    "github.com/hashicorp/go-gatedio",
    "github.com/hashicorp/go-hclog",
    "github.com/hashicorp/go-multierror",
    "github.com/hashicorp/go-rootcerts",
    "github.com/hashicorp/go-syslog",
    "github.com/hashicorp/hcl",
    "github.com/hashicorp/logutils",
    "github.com/hashicorp/vault/api",
    "github.com/hashicorp/vault/builtin/logical/pki",
    "github.com/hashicorp/vault/builtin/logical/transit",
    "github.com/hashicorp/vault/helper/namespace",
    "github.com/hashicorp/vault/http",
    "github.com/hashicorp/vault/logical",
    "github.com/hashicorp/vault/physical/inmem",
    "github.com/hashicorp/vault/vault",
    "github.com/mattn/go-shellwords",
    "github.com/mitchellh/go-homedir",
    "github.com/mitchellh/hashstructure",
    "github.com/mitchellh/mapstructure",
    "github.com/pkg/errors",
    "github.com/stretchr/testify/assert",
    "gopkg.in/yaml.v2",
  ]
  solver-name = "gps-cdcl"
  solver-version = 1
